// !$*UTF8*$!
{
	archiveVersion = 1;
	classes = {
	};
	objectVersion = 77;
	objects = {

/* Begin PBXBuildFile section */
		594372162DED47C600FE3F3D /* RealityKitContent in Frameworks */ = {isa = PBXBuildFile; productRef = 594372152DED47C600FE3F3D /* RealityKitContent */; };
		59491B792E17AAB3004840F1 /* NIOSSH in Frameworks */ = {isa = PBXBuildFile; productRef = 59491B782E17AAB3004840F1 /* NIOSSH */; };
/* End PBXBuildFile section */

/* Begin PBXContainerItemProxy section */
		594372292DED47C700FE3F3D /* PBXContainerItemProxy */ = {
			isa = PBXContainerItemProxy;
			containerPortal = 594372082DED47C600FE3F3D /* Project object */;
			proxyType = 1;
			remoteGlobalIDString = 5943720F2DED47C600FE3F3D;
			remoteInfo = VirtualControlRoom;
		};
/* End PBXContainerItemProxy section */

/* Begin PBXFileReference section */
		594372102DED47C600FE3F3D /* VirtualControlRoom.app */ = {isa = PBXFileReference; explicitFileType = wrapper.application; includeInIndex = 0; path = VirtualControlRoom.app; sourceTree = BUILT_PRODUCTS_DIR; };
		594372142DED47C600FE3F3D /* RealityKitContent */ = {isa = PBXFileReference; lastKnownFileType = wrapper; path = RealityKitContent; sourceTree = "<group>"; };
		594372282DED47C700FE3F3D /* VirtualControlRoomTests.xctest */ = {isa = PBXFileReference; explicitFileType = wrapper.cfbundle; includeInIndex = 0; path = VirtualControlRoomTests.xctest; sourceTree = BUILT_PRODUCTS_DIR; };
/* End PBXFileReference section */

/* Begin PBXFileSystemSynchronizedBuildFileExceptionSet section */
		5943722E2DED47C700FE3F3D /* Exceptions for "VirtualControlRoom" folder in "VirtualControlRoom" target */ = {
			isa = PBXFileSystemSynchronizedBuildFileExceptionSet;
			membershipExceptions = (
				Info.plist,
			);
			target = 5943720F2DED47C600FE3F3D /* VirtualControlRoom */;
		};
/* End PBXFileSystemSynchronizedBuildFileExceptionSet section */

/* Begin PBXFileSystemSynchronizedRootGroup section */
		594372122DED47C600FE3F3D /* VirtualControlRoom */ = {
			isa = PBXFileSystemSynchronizedRootGroup;
			exceptions = (
				5943722E2DED47C700FE3F3D /* Exceptions for "VirtualControlRoom" folder in "VirtualControlRoom" target */,
			);
			path = VirtualControlRoom;
			sourceTree = "<group>";
		};
		5943722B2DED47C700FE3F3D /* VirtualControlRoomTests */ = {
			isa = PBXFileSystemSynchronizedRootGroup;
			path = VirtualControlRoomTests;
			sourceTree = "<group>";
		};
/* End PBXFileSystemSynchronizedRootGroup section */

/* Begin PBXFrameworksBuildPhase section */
		5943720D2DED47C600FE3F3D /* Frameworks */ = {
			isa = PBXFrameworksBuildPhase;
			buildActionMask = 2147483647;
			files = (
				59491B792E17AAB3004840F1 /* NIOSSH in Frameworks */,
				594372162DED47C600FE3F3D /* RealityKitContent in Frameworks */,
			);
			runOnlyForDeploymentPostprocessing = 0;
		};
		594372252DED47C700FE3F3D /* Frameworks */ = {
			isa = PBXFrameworksBuildPhase;
			buildActionMask = 2147483647;
			files = (
			);
			runOnlyForDeploymentPostprocessing = 0;
		};
/* End PBXFrameworksBuildPhase section */

/* Begin PBXGroup section */
		594372072DED47C600FE3F3D = {
			isa = PBXGroup;
			children = (
				594372122DED47C600FE3F3D /* VirtualControlRoom */,
				594372132DED47C600FE3F3D /* Packages */,
				5943722B2DED47C700FE3F3D /* VirtualControlRoomTests */,
				594372112DED47C600FE3F3D /* Products */,
			);
			sourceTree = "<group>";
		};
		594372112DED47C600FE3F3D /* Products */ = {
			isa = PBXGroup;
			children = (
				594372102DED47C600FE3F3D /* VirtualControlRoom.app */,
				594372282DED47C700FE3F3D /* VirtualControlRoomTests.xctest */,
			);
			name = Products;
			sourceTree = "<group>";
		};
		594372132DED47C600FE3F3D /* Packages */ = {
			isa = PBXGroup;
			children = (
				594372142DED47C600FE3F3D /* RealityKitContent */,
			);
			path = Packages;
			sourceTree = "<group>";
		};
/* End PBXGroup section */

/* Begin PBXNativeTarget section */
		5943720F2DED47C600FE3F3D /* VirtualControlRoom */ = {
			isa = PBXNativeTarget;
			buildConfigurationList = 5943722F2DED47C700FE3F3D /* Build configuration list for PBXNativeTarget "VirtualControlRoom" */;
			buildPhases = (
				5943720C2DED47C600FE3F3D /* Sources */,
				5943720D2DED47C600FE3F3D /* Frameworks */,
				5943720E2DED47C600FE3F3D /* Resources */,
			);
			buildRules = (
			);
			dependencies = (
			);
			fileSystemSynchronizedGroups = (
				594372122DED47C600FE3F3D /* VirtualControlRoom */,
			);
			name = VirtualControlRoom;
			packageProductDependencies = (
				594372152DED47C600FE3F3D /* RealityKitContent */,
				59491B782E17AAB3004840F1 /* NIOSSH */,
			);
			productName = VirtualControlRoom;
			productReference = 594372102DED47C600FE3F3D /* VirtualControlRoom.app */;
			productType = "com.apple.product-type.application";
		};
		594372272DED47C700FE3F3D /* VirtualControlRoomTests */ = {
			isa = PBXNativeTarget;
			buildConfigurationList = 594372342DED47C700FE3F3D /* Build configuration list for PBXNativeTarget "VirtualControlRoomTests" */;
			buildPhases = (
				594372242DED47C700FE3F3D /* Sources */,
				594372252DED47C700FE3F3D /* Frameworks */,
				594372262DED47C700FE3F3D /* Resources */,
			);
			buildRules = (
			);
			dependencies = (
				5943722A2DED47C700FE3F3D /* PBXTargetDependency */,
			);
			fileSystemSynchronizedGroups = (
				5943722B2DED47C700FE3F3D /* VirtualControlRoomTests */,
			);
			name = VirtualControlRoomTests;
			packageProductDependencies = (
			);
			productName = VirtualControlRoomTests;
			productReference = 594372282DED47C700FE3F3D /* VirtualControlRoomTests.xctest */;
			productType = "com.apple.product-type.bundle.unit-test";
		};
/* End PBXNativeTarget section */

/* Begin PBXProject section */
		594372082DED47C600FE3F3D /* Project object */ = {
			isa = PBXProject;
			attributes = {
				BuildIndependentTargetsInParallel = 1;
				LastSwiftUpdateCheck = 1640;
				LastUpgradeCheck = 1640;
				TargetAttributes = {
					5943720F2DED47C600FE3F3D = {
						CreatedOnToolsVersion = 16.4;
					};
					594372272DED47C700FE3F3D = {
						CreatedOnToolsVersion = 16.4;
						TestTargetID = 5943720F2DED47C600FE3F3D;
					};
				};
			};
			buildConfigurationList = 5943720B2DED47C600FE3F3D /* Build configuration list for PBXProject "VirtualControlRoom" */;
			developmentRegion = en;
			hasScannedForEncodings = 0;
			knownRegions = (
				en,
				Base,
			);
			mainGroup = 594372072DED47C600FE3F3D;
			minimizedProjectReferenceProxies = 1;
			packageReferences = (
				59491B772E17AAB3004840F1 /* XCRemoteSwiftPackageReference "swift-nio-ssh" */,
			);
			preferredProjectObjectVersion = 77;
			productRefGroup = 594372112DED47C600FE3F3D /* Products */;
			projectDirPath = "";
			projectRoot = "";
			targets = (
				5943720F2DED47C600FE3F3D /* VirtualControlRoom */,
				594372272DED47C700FE3F3D /* VirtualControlRoomTests */,
			);
		};
/* End PBXProject section */

/* Begin PBXResourcesBuildPhase section */
		5943720E2DED47C600FE3F3D /* Resources */ = {
			isa = PBXResourcesBuildPhase;
			buildActionMask = 2147483647;
			files = (
			);
			runOnlyForDeploymentPostprocessing = 0;
		};
		594372262DED47C700FE3F3D /* Resources */ = {
			isa = PBXResourcesBuildPhase;
			buildActionMask = 2147483647;
			files = (
			);
			runOnlyForDeploymentPostprocessing = 0;
		};
/* End PBXResourcesBuildPhase section */

/* Begin PBXSourcesBuildPhase section */
		5943720C2DED47C600FE3F3D /* Sources */ = {
			isa = PBXSourcesBuildPhase;
			buildActionMask = 2147483647;
			files = (
			);
			runOnlyForDeploymentPostprocessing = 0;
		};
		594372242DED47C700FE3F3D /* Sources */ = {
			isa = PBXSourcesBuildPhase;
			buildActionMask = 2147483647;
			files = (
			);
			runOnlyForDeploymentPostprocessing = 0;
		};
/* End PBXSourcesBuildPhase section */

/* Begin PBXTargetDependency section */
		5943722A2DED47C700FE3F3D /* PBXTargetDependency */ = {
			isa = PBXTargetDependency;
			target = 5943720F2DED47C600FE3F3D /* VirtualControlRoom */;
			targetProxy = 594372292DED47C700FE3F3D /* PBXContainerItemProxy */;
		};
/* End PBXTargetDependency section */

/* Begin XCBuildConfiguration section */
		594372302DED47C700FE3F3D /* Debug */ = {
			isa = XCBuildConfiguration;
			buildSettings = {
				ASSETCATALOG_COMPILER_APPICON_NAME = AppIcon;
				ASSETCATALOG_COMPILER_GLOBAL_ACCENT_COLOR_NAME = AccentColor;
				CODE_SIGN_STYLE = Automatic;
				CURRENT_PROJECT_VERSION = 1;
				DEVELOPMENT_TEAM = F6M4J6NF9M;
				ENABLE_PREVIEWS = YES;
				GENERATE_INFOPLIST_FILE = YES;
				HEADER_SEARCH_PATHS = "$(SRCROOT)/ThirdParty/libvnc/include";
				INFOPLIST_FILE = "$(TARGET_NAME)/Info.plist";
				LD_RUNPATH_SEARCH_PATHS = (
					"$(inherited)",
					"@executable_path/Frameworks",
				);
				LIBRARY_SEARCH_PATHS = "$(SRCROOT)/ThirdParty/libvnc/lib";
				MARKETING_VERSION = 1.0;
				OTHER_LDFLAGS = (
					"-lvncclient",
					"-lvncserver",
					"-lz",
				);
				PRODUCT_BUNDLE_IDENTIFIER = InvisibleThread.VirtualControlRoom;
				PRODUCT_NAME = "$(TARGET_NAME)";
				SUPPORTED_PLATFORMS = "xros xrsimulator";
				SWIFT_EMIT_LOC_STRINGS = YES;
				SWIFT_OBJC_BRIDGING_HEADER = "VirtualControlRoom/VirtualControlRoom-Bridging-Header.h";
				SWIFT_VERSION = 5.0;
				TARGETED_DEVICE_FAMILY = 7;
			};
			name = Debug;
		};
		594372312DED47C700FE3F3D /* Release */ = {
			isa = XCBuildConfiguration;
			buildSettings = {
				ASSETCATALOG_COMPILER_APPICON_NAME = AppIcon;
				ASSETCATALOG_COMPILER_GLOBAL_ACCENT_COLOR_NAME = AccentColor;
				CODE_SIGN_STYLE = Automatic;
				CURRENT_PROJECT_VERSION = 1;
				DEVELOPMENT_TEAM = F6M4J6NF9M;
				ENABLE_PREVIEWS = YES;
				GENERATE_INFOPLIST_FILE = YES;
				HEADER_SEARCH_PATHS = "$(SRCROOT)/ThirdParty/libvnc/include";
				INFOPLIST_FILE = "$(TARGET_NAME)/Info.plist";
				LD_RUNPATH_SEARCH_PATHS = (
					"$(inherited)",
					"@executable_path/Frameworks",
				);
				LIBRARY_SEARCH_PATHS = "$(SRCROOT)/ThirdParty/libvnc/lib";
				MARKETING_VERSION = 1.0;
				OTHER_LDFLAGS = (
					"-lvncclient",
					"-lvncserver",
					"-lz",
				);
				PRODUCT_BUNDLE_IDENTIFIER = InvisibleThread.VirtualControlRoom;
				PRODUCT_NAME = "$(TARGET_NAME)";
				SUPPORTED_PLATFORMS = "xros xrsimulator";
				SWIFT_EMIT_LOC_STRINGS = YES;
				SWIFT_OBJC_BRIDGING_HEADER = "VirtualControlRoom/VirtualControlRoom-Bridging-Header.h";
				SWIFT_VERSION = 5.0;
				TARGETED_DEVICE_FAMILY = 7;
			};
			name = Release;
		};
		594372322DED47C700FE3F3D /* Debug */ = {
			isa = XCBuildConfiguration;
			buildSettings = {
				ALWAYS_SEARCH_USER_PATHS = NO;
				ASSETCATALOG_COMPILER_GENERATE_SWIFT_ASSET_SYMBOL_EXTENSIONS = YES;
				CLANG_ANALYZER_NONNULL = YES;
				CLANG_ANALYZER_NUMBER_OBJECT_CONVERSION = YES_AGGRESSIVE;
				CLANG_CXX_LANGUAGE_STANDARD = "gnu++20";
				CLANG_ENABLE_MODULES = YES;
				CLANG_ENABLE_OBJC_ARC = YES;
				CLANG_ENABLE_OBJC_WEAK = YES;
				CLANG_WARN_BLOCK_CAPTURE_AUTORELEASING = YES;
				CLANG_WARN_BOOL_CONVERSION = YES;
				CLANG_WARN_COMMA = YES;
				CLANG_WARN_CONSTANT_CONVERSION = YES;
				CLANG_WARN_DEPRECATED_OBJC_IMPLEMENTATIONS = YES;
				CLANG_WARN_DIRECT_OBJC_ISA_USAGE = YES_ERROR;
				CLANG_WARN_DOCUMENTATION_COMMENTS = YES;
				CLANG_WARN_EMPTY_BODY = YES;
				CLANG_WARN_ENUM_CONVERSION = YES;
				CLANG_WARN_INFINITE_RECURSION = YES;
				CLANG_WARN_INT_CONVERSION = YES;
				CLANG_WARN_NON_LITERAL_NULL_CONVERSION = YES;
				CLANG_WARN_OBJC_IMPLICIT_RETAIN_SELF = YES;
				CLANG_WARN_OBJC_LITERAL_CONVERSION = YES;
				CLANG_WARN_OBJC_ROOT_CLASS = YES_ERROR;
				CLANG_WARN_QUOTED_INCLUDE_IN_FRAMEWORK_HEADER = YES;
				CLANG_WARN_RANGE_LOOP_ANALYSIS = YES;
				CLANG_WARN_STRICT_PROTOTYPES = YES;
				CLANG_WARN_SUSPICIOUS_MOVE = YES;
				CLANG_WARN_UNGUARDED_AVAILABILITY = YES_AGGRESSIVE;
				CLANG_WARN_UNREACHABLE_CODE = YES;
				CLANG_WARN__DUPLICATE_METHOD_MATCH = YES;
				COPY_PHASE_STRIP = NO;
				DEBUG_INFORMATION_FORMAT = dwarf;
				DEVELOPMENT_TEAM = F6M4J6NF9M;
				ENABLE_STRICT_OBJC_MSGSEND = YES;
				ENABLE_TESTABILITY = YES;
				ENABLE_USER_SCRIPT_SANDBOXING = YES;
				GCC_C_LANGUAGE_STANDARD = gnu17;
				GCC_DYNAMIC_NO_PIC = NO;
				GCC_NO_COMMON_BLOCKS = YES;
				GCC_OPTIMIZATION_LEVEL = 0;
				GCC_PREPROCESSOR_DEFINITIONS = (
					"DEBUG=1",
					"$(inherited)",
				);
				GCC_WARN_64_TO_32_BIT_CONVERSION = YES;
				GCC_WARN_ABOUT_RETURN_TYPE = YES_ERROR;
				GCC_WARN_UNDECLARED_SELECTOR = YES;
				GCC_WARN_UNINITIALIZED_AUTOS = YES_AGGRESSIVE;
				GCC_WARN_UNUSED_FUNCTION = YES;
				GCC_WARN_UNUSED_VARIABLE = YES;
				LOCALIZATION_PREFERS_STRING_CATALOGS = YES;
				MTL_ENABLE_DEBUG_INFO = INCLUDE_SOURCE;
				MTL_FAST_MATH = YES;
				ONLY_ACTIVE_ARCH = YES;
				SDKROOT = xros;
				SWIFT_ACTIVE_COMPILATION_CONDITIONS = "DEBUG $(inherited)";
				SWIFT_OPTIMIZATION_LEVEL = "-Onone";
				XROS_DEPLOYMENT_TARGET = 2.5;
			};
			name = Debug;
		};
		594372332DED47C700FE3F3D /* Release */ = {
			isa = XCBuildConfiguration;
			buildSettings = {
				ALWAYS_SEARCH_USER_PATHS = NO;
				ASSETCATALOG_COMPILER_GENERATE_SWIFT_ASSET_SYMBOL_EXTENSIONS = YES;
				CLANG_ANALYZER_NONNULL = YES;
				CLANG_ANALYZER_NUMBER_OBJECT_CONVERSION = YES_AGGRESSIVE;
				CLANG_CXX_LANGUAGE_STANDARD = "gnu++20";
				CLANG_ENABLE_MODULES = YES;
				CLANG_ENABLE_OBJC_ARC = YES;
				CLANG_ENABLE_OBJC_WEAK = YES;
				CLANG_WARN_BLOCK_CAPTURE_AUTORELEASING = YES;
				CLANG_WARN_BOOL_CONVERSION = YES;
				CLANG_WARN_COMMA = YES;
				CLANG_WARN_CONSTANT_CONVERSION = YES;
				CLANG_WARN_DEPRECATED_OBJC_IMPLEMENTATIONS = YES;
				CLANG_WARN_DIRECT_OBJC_ISA_USAGE = YES_ERROR;
				CLANG_WARN_DOCUMENTATION_COMMENTS = YES;
				CLANG_WARN_EMPTY_BODY = YES;
				CLANG_WARN_ENUM_CONVERSION = YES;
				CLANG_WARN_INFINITE_RECURSION = YES;
				CLANG_WARN_INT_CONVERSION = YES;
				CLANG_WARN_NON_LITERAL_NULL_CONVERSION = YES;
				CLANG_WARN_OBJC_IMPLICIT_RETAIN_SELF = YES;
				CLANG_WARN_OBJC_LITERAL_CONVERSION = YES;
				CLANG_WARN_OBJC_ROOT_CLASS = YES_ERROR;
				CLANG_WARN_QUOTED_INCLUDE_IN_FRAMEWORK_HEADER = YES;
				CLANG_WARN_RANGE_LOOP_ANALYSIS = YES;
				CLANG_WARN_STRICT_PROTOTYPES = YES;
				CLANG_WARN_SUSPICIOUS_MOVE = YES;
				CLANG_WARN_UNGUARDED_AVAILABILITY = YES_AGGRESSIVE;
				CLANG_WARN_UNREACHABLE_CODE = YES;
				CLANG_WARN__DUPLICATE_METHOD_MATCH = YES;
				COPY_PHASE_STRIP = NO;
				DEBUG_INFORMATION_FORMAT = "dwarf-with-dsym";
				DEVELOPMENT_TEAM = F6M4J6NF9M;
				ENABLE_NS_ASSERTIONS = NO;
				ENABLE_STRICT_OBJC_MSGSEND = YES;
				ENABLE_USER_SCRIPT_SANDBOXING = YES;
				GCC_C_LANGUAGE_STANDARD = gnu17;
				GCC_NO_COMMON_BLOCKS = YES;
				GCC_WARN_64_TO_32_BIT_CONVERSION = YES;
				GCC_WARN_ABOUT_RETURN_TYPE = YES_ERROR;
				GCC_WARN_UNDECLARED_SELECTOR = YES;
				GCC_WARN_UNINITIALIZED_AUTOS = YES_AGGRESSIVE;
				GCC_WARN_UNUSED_FUNCTION = YES;
				GCC_WARN_UNUSED_VARIABLE = YES;
				LOCALIZATION_PREFERS_STRING_CATALOGS = YES;
				MTL_ENABLE_DEBUG_INFO = NO;
				MTL_FAST_MATH = YES;
				SDKROOT = xros;
				SWIFT_COMPILATION_MODE = wholemodule;
				VALIDATE_PRODUCT = YES;
				XROS_DEPLOYMENT_TARGET = 2.5;
			};
			name = Release;
		};
		594372352DED47C700FE3F3D /* Debug */ = {
			isa = XCBuildConfiguration;
			buildSettings = {
				BUNDLE_LOADER = "$(TEST_HOST)";
				CODE_SIGN_STYLE = Automatic;
				CURRENT_PROJECT_VERSION = 1;
				DEVELOPMENT_TEAM = F6M4J6NF9M;
				GENERATE_INFOPLIST_FILE = YES;
				MARKETING_VERSION = 1.0;
				PRODUCT_BUNDLE_IDENTIFIER = InvisibleThread.VirtualControlRoomTests;
				PRODUCT_NAME = "$(TARGET_NAME)";
				SUPPORTED_PLATFORMS = "xros xrsimulator";
				SWIFT_EMIT_LOC_STRINGS = NO;
				SWIFT_VERSION = 5.0;
				TARGETED_DEVICE_FAMILY = 7;
				TEST_HOST = "$(BUILT_PRODUCTS_DIR)/VirtualControlRoom.app/$(BUNDLE_EXECUTABLE_FOLDER_PATH)/VirtualControlRoom";
				XROS_DEPLOYMENT_TARGET = 2.5;
			};
			name = Debug;
		};
		594372362DED47C700FE3F3D /* Release */ = {
			isa = XCBuildConfiguration;
			buildSettings = {
				BUNDLE_LOADER = "$(TEST_HOST)";
				CODE_SIGN_STYLE = Automatic;
				CURRENT_PROJECT_VERSION = 1;
				DEVELOPMENT_TEAM = F6M4J6NF9M;
				GENERATE_INFOPLIST_FILE = YES;
				MARKETING_VERSION = 1.0;
				PRODUCT_BUNDLE_IDENTIFIER = InvisibleThread.VirtualControlRoomTests;
				PRODUCT_NAME = "$(TARGET_NAME)";
				SUPPORTED_PLATFORMS = "xros xrsimulator";
				SWIFT_EMIT_LOC_STRINGS = NO;
				SWIFT_VERSION = 5.0;
				TARGETED_DEVICE_FAMILY = 7;
				TEST_HOST = "$(BUILT_PRODUCTS_DIR)/VirtualControlRoom.app/$(BUNDLE_EXECUTABLE_FOLDER_PATH)/VirtualControlRoom";
				XROS_DEPLOYMENT_TARGET = 2.5;
			};
			name = Release;
		};
/* End XCBuildConfiguration section */

/* Begin XCConfigurationList section */
		5943720B2DED47C600FE3F3D /* Build configuration list for PBXProject "VirtualControlRoom" */ = {
			isa = XCConfigurationList;
			buildConfigurations = (
				594372322DED47C700FE3F3D /* Debug */,
				594372332DED47C700FE3F3D /* Release */,
			);
			defaultConfigurationIsVisible = 0;
			defaultConfigurationName = Release;
		};
		5943722F2DED47C700FE3F3D /* Build configuration list for PBXNativeTarget "VirtualControlRoom" */ = {
			isa = XCConfigurationList;
			buildConfigurations = (
				594372302DED47C700FE3F3D /* Debug */,
				594372312DED47C700FE3F3D /* Release */,
			);
			defaultConfigurationIsVisible = 0;
			defaultConfigurationName = Release;
		};
		594372342DED47C700FE3F3D /* Build configuration list for PBXNativeTarget "VirtualControlRoomTests" */ = {
			isa = XCConfigurationList;
			buildConfigurations = (
				594372352DED47C700FE3F3D /* Debug */,
				594372362DED47C700FE3F3D /* Release */,
			);
			defaultConfigurationIsVisible = 0;
			defaultConfigurationName = Release;
		};
/* End XCConfigurationList section */

/* Begin XCRemoteSwiftPackageReference section */
		59491B772E17AAB3004840F1 /* XCRemoteSwiftPackageReference "swift-nio-ssh" */ = {
			isa = XCRemoteSwiftPackageReference;
			repositoryURL = "https://github.com/apple/swift-nio-ssh";
			requirement = {
				kind = upToNextMajorVersion;
				minimumVersion = 0.11.0;
			};
		};
/* End XCRemoteSwiftPackageReference section */

/* Begin XCSwiftPackageProductDependency section */
		594372152DED47C600FE3F3D /* RealityKitContent */ = {
			isa = XCSwiftPackageProductDependency;
			productName = RealityKitContent;
		};
		59491B782E17AAB3004840F1 /* NIOSSH */ = {
			isa = XCSwiftPackageProductDependency;
			package = 59491B772E17AAB3004840F1 /* XCRemoteSwiftPackageReference "swift-nio-ssh" */;
			productName = NIOSSH;
		};
/* End XCSwiftPackageProductDependency section */
	};
	rootObject = 594372082DED47C600FE3F3D /* Project object */;
}
