{
  "originHash" : "e4f7d58b908b0043043e29431744c4a782961a6a2139c9e64940fcf022e6392f",
  "pins" : [
    {
      "identity" : "royalvnc",
      "kind" : "remoteSourceControl",
      "location" : "https://github.com/royalapplications/royalvnc.git",
      "state" : {
        "revision" : "60a92e1a60e928b29c16230598efd5a97c134139",
        "version" : "1.0.0"
      }
    }
  ],
  "version" : 3
}
